
Microsoft Visual Studio Solution File, Format Version 12.00
# Visual Studio Version 17
VisualStudioVersion = 17.11.35327.3
MinimumVisualStudioVersion = 10.0.40219.1
Project("{FAE04EC0-301F-11D3-BF4B-00C04F79EFBC}") = "MABO20250319.AppWebMVC", "MABO20250319.AppWebMVC\MABO20250319.AppWebMVC.csproj", "{38FF9E05-9BCB-47A9-9E5A-613BD6942905}"
EndProject
Global
	GlobalSection(SolutionConfigurationPlatforms) = preSolution
		Debug|Any CPU = Debug|Any CPU
		Release|Any CPU = Release|Any CPU
	EndGlobalSection
	GlobalSection(ProjectConfigurationPlatforms) = postSolution
		{38FF9E05-9BCB-47A9-9E5A-613BD6942905}.Debug|Any CPU.ActiveCfg = Debug|Any CPU
		{38FF9E05-9BCB-47A9-9E5A-613BD6942905}.Debug|Any CPU.Build.0 = Debug|Any CPU
		{38FF9E05-9BCB-47A9-9E5A-613BD6942905}.Release|Any CPU.ActiveCfg = Release|Any CPU
		{38FF9E05-9BCB-47A9-9E5A-613BD6942905}.Release|Any CPU.Build.0 = Release|Any CPU
	EndGlobalSection
	GlobalSection(SolutionProperties) = preSolution
		HideSolutionNode = FALSE
	EndGlobalSection
	GlobalSection(ExtensibilityGlobals) = postSolution
		SolutionGuid = {878CEA86-4D77-4369-969F-0B17AEC76B80}
	EndGlobalSection
EndGlobal
